
Microsoft Visual Studio Solution File, Format Version 12.00
# Visual Studio Version 16
VisualStudioVersion = 16.0.29102.190
MinimumVisualStudioVersion = 10.0.40219.1
Project("{FAE04EC0-301F-11D3-BF4B-00C04F79EFBC}") = "OpenStackSdk.Core", "src\OpenStackSdk.Core\OpenStackSdk.Core.csproj", "{1DE22795-D27F-4E53-B72B-1EAE23B08480}"
EndProject
Project("{2150E333-8FDC-42A3-9474-1A3956D46DE8}") = "Solution Items", "Solution Items", "{9C90EE8D-01E5-4F30-80C8-021BD04A5FCE}"
	ProjectSection(SolutionItems) = preProject
		.gitignore = .gitignore
	EndProjectSection
EndProject
Project("{FAE04EC0-301F-11D3-BF4B-00C04F79EFBC}") = "OpenStackSdk.Rackspace.Core", "src\OpenStackSdk.Rackspace.Core\OpenStackSdk.Rackspace.Core.csproj", "{04C51594-E1EF-4E9B-8ACE-47FAC21CEDBF}"
EndProject
Global
	GlobalSection(SolutionConfigurationPlatforms) = preSolution
		Debug|Any CPU = Debug|Any CPU
		Release|Any CPU = Release|Any CPU
	EndGlobalSection
	GlobalSection(ProjectConfigurationPlatforms) = postSolution
		{1DE22795-D27F-4E53-B72B-1EAE23B08480}.Debug|Any CPU.ActiveCfg = Debug|Any CPU
		{1DE22795-D27F-4E53-B72B-1EAE23B08480}.Debug|Any CPU.Build.0 = Debug|Any CPU
		{1DE22795-D27F-4E53-B72B-1EAE23B08480}.Release|Any CPU.ActiveCfg = Release|Any CPU
		{1DE22795-D27F-4E53-B72B-1EAE23B08480}.Release|Any CPU.Build.0 = Release|Any CPU
		{04C51594-E1EF-4E9B-8ACE-47FAC21CEDBF}.Debug|Any CPU.ActiveCfg = Debug|Any CPU
		{04C51594-E1EF-4E9B-8ACE-47FAC21CEDBF}.Debug|Any CPU.Build.0 = Debug|Any CPU
		{04C51594-E1EF-4E9B-8ACE-47FAC21CEDBF}.Release|Any CPU.ActiveCfg = Release|Any CPU
		{04C51594-E1EF-4E9B-8ACE-47FAC21CEDBF}.Release|Any CPU.Build.0 = Release|Any CPU
	EndGlobalSection
	GlobalSection(SolutionProperties) = preSolution
		HideSolutionNode = FALSE
	EndGlobalSection
	GlobalSection(ExtensibilityGlobals) = postSolution
		SolutionGuid = {BCEE053B-251F-4048-94F6-14A0AAA107BC}
	EndGlobalSection
EndGlobal
